schema: '2.0'
stages:
  data_ingestion:
    cmd: python src/cnnClassifier/pipeline/stage_01_data_ingestion.py
    deps:
    - path: config/config.yaml
      hash: md5
      md5: f4f15b4bf3253298f83c8ec319834b26
      size: 1197
    - path: src/cnnClassifier/pipeline/stage_01_data_ingestion.py
      hash: md5
      md5: 413910daec4b6f9c77dd356f040ecf31
      size: 1917
    outs:
    - path: artifacts/data_ingestion/Chest-CT-Scan-data
      hash: md5
      md5: 904fa45d934ce879b3b1933dca6cb2f1.dir
      size: 49247431
      nfiles: 343
  prepare_base_model:
    cmd: python src/cnnClassifier/pipeline/stage_02_prepare_base_model.py
    deps:
    - path: config/config.yaml
      hash: md5
      md5: f4f15b4bf3253298f83c8ec319834b26
      size: 1197
    - path: src/cnnClassifier/pipeline/stage_02_prepare_base_model.py
      hash: md5
      md5: b53cb2aac3be35bc86c6c5bbceed313c
      size: 1854
    params:
      params.yaml:
        CLASSES: 2
        IMAGE_SIZE:
        - 224
        - 224
        - 3
        INCLUDE_TOP: false
        LEARNING_RATE: 0.01
        WEIGHTS: imagenet
    outs:
    - path: artifacts/prepare_base_model
      hash: md5
      md5: dc043e488204a301f18cc3836da1a28a.dir
      size: 118054560
      nfiles: 2
  training:
    cmd: python src/cnnClassifier/pipeline/stage_03_model_trainer.py
    deps:
    - path: artifacts/data_ingestion/Chest-CT-Scan-data
      hash: md5
      md5: 904fa45d934ce879b3b1933dca6cb2f1.dir
      size: 49247431
      nfiles: 343
    - path: artifacts/prepare_base_model
      hash: md5
      md5: dc043e488204a301f18cc3836da1a28a.dir
      size: 118054560
      nfiles: 2
    - path: config/config.yaml
      hash: md5
      md5: f4f15b4bf3253298f83c8ec319834b26
      size: 1197
    - path: src/cnnClassifier/pipeline/stage_03_model_trainer.py
      hash: md5
      md5: d35c09d51747e6c9a027dc1652cabfe4
      size: 1676
    params:
      params.yaml:
        BATCH_SIZE: 16
        EPOCHS: 3
        IMAGE_SIZE:
        - 224
        - 224
        - 3
        IS_AUGMENTATION: true
    outs:
    - path: artifacts/training/model.h5
      hash: md5
      md5: aa914569912b7723828b7867a7485a76
      size: 59337520
  evaluation:
    cmd: python src/cnnClassifier/pipeline/stage_04_evaluation.py
    deps:
    - path: artifacts/data_ingestion/Chest-CT-Scan-data
      hash: md5
      md5: 904fa45d934ce879b3b1933dca6cb2f1.dir
      size: 49247431
      nfiles: 343
    - path: artifacts/training/model.h5
      hash: md5
      md5: aa914569912b7723828b7867a7485a76
      size: 59337520
    - path: config/config.yaml
      hash: md5
      md5: f4f15b4bf3253298f83c8ec319834b26
      size: 1197
    - path: src/cnnClassifier/pipeline/stage_04_evaluation.py
      hash: md5
      md5: 69b44ba0e3f90f3ab9279b455fa64960
      size: 1004
    params:
      params.yaml:
        BATCH_SIZE: 16
        IMAGE_SIZE:
        - 224
        - 224
        - 3
    outs:
    - path: scores.json
      hash: md5
      md5: 1ab2a9e7ace068aabb8cd77c3bff3c7b
      size: 73
